// !$*UTF8*$!
{
	archiveVersion = 1;
	classes = {
	};
	objectVersion = 46;
	objects = {

/* Begin PBXBuildFile section */
		4588B8791AF67BA500EA420E /* AppDelegate.swift in Sources */ = {isa = PBXBuildFile; fileRef = 4588B8781AF67BA500EA420E /* AppDelegate.swift */; };
		4588B87B1AF67BA500EA420E /* ViewController.swift in Sources */ = {isa = PBXBuildFile; fileRef = 4588B87A1AF67BA500EA420E /* ViewController.swift */; };
		4588B87E1AF67BA500EA420E /* Main.storyboard in Resources */ = {isa = PBXBuildFile; fileRef = 4588B87C1AF67BA500EA420E /* Main.storyboard */; };
		4588B8801AF67BA500EA420E /* Images.xcassets in Resources */ = {isa = PBXBuildFile; fileRef = 4588B87F1AF67BA500EA420E /* Images.xcassets */; };
		4588B8831AF67BA500EA420E /* LaunchScreen.xib in Resources */ = {isa = PBXBuildFile; fileRef = 4588B8811AF67BA500EA420E /* LaunchScreen.xib */; };
		4588B88F1AF67BA500EA420E /* TipseeTests.swift in Sources */ = {isa = PBXBuildFile; fileRef = 4588B88E1AF67BA500EA420E /* TipseeTests.swift */; };
		4588B8991AF6850C00EA420E /* MarckScript-Regular.ttf in Resources */ = {isa = PBXBuildFile; fileRef = 4588B8981AF6850C00EA420E /* MarckScript-Regular.ttf */; };
		4588B8A31AF6905800EA420E /* InterfaceController.swift in Sources */ = {isa = PBXBuildFile; fileRef = 4588B8A21AF6905800EA420E /* InterfaceController.swift */; };
		4588B8A51AF6905800EA420E /* Images.xcassets in Resources */ = {isa = PBXBuildFile; fileRef = 4588B8A41AF6905800EA420E /* Images.xcassets */; };
		4588B8A91AF6905800EA420E /* Tipsee WatchKit App.app in Resources */ = {isa = PBXBuildFile; fileRef = 4588B8A81AF6905800EA420E /* Tipsee WatchKit App.app */; };
		4588B8B11AF6905800EA420E /* Interface.storyboard in Resources */ = {isa = PBXBuildFile; fileRef = 4588B8AF1AF6905800EA420E /* Interface.storyboard */; };
		4588B8B31AF6905800EA420E /* Images.xcassets in Resources */ = {isa = PBXBuildFile; fileRef = 4588B8B21AF6905800EA420E /* Images.xcassets */; };
		4588B8B61AF6905800EA420E /* Tipsee WatchKit Extension.appex in Embed App Extensions */ = {isa = PBXBuildFile; fileRef = 4588B89E1AF6905800EA420E /* Tipsee WatchKit Extension.appex */; settings = {ATTRIBUTES = (RemoveHeadersOnCopy, ); }; };
		4588B8C01AF690BF00EA420E /* AddSaleViewController.swift in Sources */ = {isa = PBXBuildFile; fileRef = 4588B8BE1AF690BF00EA420E /* AddSaleViewController.swift */; };
		4588B8C11AF690BF00EA420E /* FinalViewController.swift in Sources */ = {isa = PBXBuildFile; fileRef = 4588B8BF1AF690BF00EA420E /* FinalViewController.swift */; };
/* End PBXBuildFile section */

/* Begin PBXContainerItemProxy section */
		4588B8891AF67BA500EA420E /* PBXContainerItemProxy */ = {
			isa = PBXContainerItemProxy;
			containerPortal = 4588B86B1AF67BA500EA420E /* Project object */;
			proxyType = 1;
			remoteGlobalIDString = 4588B8721AF67BA500EA420E;
			remoteInfo = Tipsee;
		};
		4588B8AA1AF6905800EA420E /* PBXContainerItemProxy */ = {
			isa = PBXContainerItemProxy;
			containerPortal = 4588B86B1AF67BA500EA420E /* Project object */;
			proxyType = 1;
			remoteGlobalIDString = 4588B8A71AF6905800EA420E;
			remoteInfo = "Tipsee WatchKit App";
		};
		4588B8B41AF6905800EA420E /* PBXContainerItemProxy */ = {
			isa = PBXContainerItemProxy;
			containerPortal = 4588B86B1AF67BA500EA420E /* Project object */;
			proxyType = 1;
			remoteGlobalIDString = 4588B89D1AF6905800EA420E;
			remoteInfo = "Tipsee WatchKit Extension";
		};
/* End PBXContainerItemProxy section */

/* Begin PBXCopyFilesBuildPhase section */
		4588B8BD1AF6905800EA420E /* Embed App Extensions */ = {
			isa = PBXCopyFilesBuildPhase;
			buildActionMask = 2147483647;
			dstPath = "";
			dstSubfolderSpec = 13;
			files = (
				4588B8B61AF6905800EA420E /* Tipsee WatchKit Extension.appex in Embed App Extensions */,
			);
			name = "Embed App Extensions";
			runOnlyForDeploymentPostprocessing = 0;
		};
/* End PBXCopyFilesBuildPhase section */

/* Begin PBXFileReference section */
		4588B8731AF67BA500EA420E /* Tipsee.app */ = {isa = PBXFileReference; explicitFileType = wrapper.application; includeInIndex = 0; path = Tipsee.app; sourceTree = BUILT_PRODUCTS_DIR; };
		4588B8771AF67BA500EA420E /* Info.plist */ = {isa = PBXFileReference; lastKnownFileType = text.plist.xml; path = Info.plist; sourceTree = "<group>"; };
		4588B8781AF67BA500EA420E /* AppDelegate.swift */ = {isa = PBXFileReference; lastKnownFileType = sourcecode.swift; path = AppDelegate.swift; sourceTree = "<group>"; };
		4588B87A1AF67BA500EA420E /* ViewController.swift */ = {isa = PBXFileReference; lastKnownFileType = sourcecode.swift; path = ViewController.swift; sourceTree = "<group>"; };
		4588B87D1AF67BA500EA420E /* Base */ = {isa = PBXFileReference; lastKnownFileType = file.storyboard; name = Base; path = Base.lproj/Main.storyboard; sourceTree = "<group>"; };
		4588B87F1AF67BA500EA420E /* Images.xcassets */ = {isa = PBXFileReference; lastKnownFileType = folder.assetcatalog; path = Images.xcassets; sourceTree = "<group>"; };
		4588B8821AF67BA500EA420E /* Base */ = {isa = PBXFileReference; lastKnownFileType = file.xib; name = Base; path = Base.lproj/LaunchScreen.xib; sourceTree = "<group>"; };
		4588B8881AF67BA500EA420E /* TipseeTests.xctest */ = {isa = PBXFileReference; explicitFileType = wrapper.cfbundle; includeInIndex = 0; path = TipseeTests.xctest; sourceTree = BUILT_PRODUCTS_DIR; };
		4588B88D1AF67BA500EA420E /* Info.plist */ = {isa = PBXFileReference; lastKnownFileType = text.plist.xml; path = Info.plist; sourceTree = "<group>"; };
		4588B88E1AF67BA500EA420E /* TipseeTests.swift */ = {isa = PBXFileReference; lastKnownFileType = sourcecode.swift; path = TipseeTests.swift; sourceTree = "<group>"; };
		4588B8981AF6850C00EA420E /* MarckScript-Regular.ttf */ = {isa = PBXFileReference; lastKnownFileType = file; path = "MarckScript-Regular.ttf"; sourceTree = "<group>"; };
		4588B89E1AF6905800EA420E /* Tipsee WatchKit Extension.appex */ = {isa = PBXFileReference; explicitFileType = "wrapper.app-extension"; includeInIndex = 0; path = "Tipsee WatchKit Extension.appex"; sourceTree = BUILT_PRODUCTS_DIR; };
		4588B8A11AF6905800EA420E /* Info.plist */ = {isa = PBXFileReference; lastKnownFileType = text.plist.xml; path = Info.plist; sourceTree = "<group>"; };
		4588B8A21AF6905800EA420E /* InterfaceController.swift */ = {isa = PBXFileReference; lastKnownFileType = sourcecode.swift; path = InterfaceController.swift; sourceTree = "<group>"; };
		4588B8A41AF6905800EA420E /* Images.xcassets */ = {isa = PBXFileReference; lastKnownFileType = folder.assetcatalog; path = Images.xcassets; sourceTree = "<group>"; };
		4588B8A81AF6905800EA420E /* Tipsee WatchKit App.app */ = {isa = PBXFileReference; explicitFileType = wrapper.application; includeInIndex = 0; path = "Tipsee WatchKit App.app"; sourceTree = BUILT_PRODUCTS_DIR; };
		4588B8AE1AF6905800EA420E /* Info.plist */ = {isa = PBXFileReference; lastKnownFileType = text.plist.xml; path = Info.plist; sourceTree = "<group>"; };
		4588B8B01AF6905800EA420E /* Base */ = {isa = PBXFileReference; lastKnownFileType = file.storyboard; name = Base; path = Base.lproj/Interface.storyboard; sourceTree = "<group>"; };
		4588B8B21AF6905800EA420E /* Images.xcassets */ = {isa = PBXFileReference; lastKnownFileType = folder.assetcatalog; path = Images.xcassets; sourceTree = "<group>"; };
		4588B8BE1AF690BF00EA420E /* AddSaleViewController.swift */ = {isa = PBXFileReference; fileEncoding = 4; lastKnownFileType = sourcecode.swift; path = AddSaleViewController.swift; sourceTree = "<group>"; };
		4588B8BF1AF690BF00EA420E /* FinalViewController.swift */ = {isa = PBXFileReference; fileEncoding = 4; lastKnownFileType = sourcecode.swift; path = FinalViewController.swift; sourceTree = "<group>"; };
/* End PBXFileReference section */

/* Begin PBXFrameworksBuildPhase section */
		4588B8701AF67BA500EA420E /* Frameworks */ = {
			isa = PBXFrameworksBuildPhase;
			buildActionMask = 2147483647;
			files = (
			);
			runOnlyForDeploymentPostprocessing = 0;
		};
		4588B8851AF67BA500EA420E /* Frameworks */ = {
			isa = PBXFrameworksBuildPhase;
			buildActionMask = 2147483647;
			files = (
			);
			runOnlyForDeploymentPostprocessing = 0;
		};
		4588B89B1AF6905800EA420E /* Frameworks */ = {
			isa = PBXFrameworksBuildPhase;
			buildActionMask = 2147483647;
			files = (
			);
			runOnlyForDeploymentPostprocessing = 0;
		};
/* End PBXFrameworksBuildPhase section */

/* Begin PBXGroup section */
		4588B86A1AF67BA500EA420E = {
			isa = PBXGroup;
			children = (
				4588B8751AF67BA500EA420E /* Tipsee */,
				4588B88B1AF67BA500EA420E /* TipseeTests */,
				4588B89F1AF6905800EA420E /* Tipsee WatchKit Extension */,
				4588B8AC1AF6905800EA420E /* Tipsee WatchKit App */,
				4588B8741AF67BA500EA420E /* Products */,
			);
			sourceTree = "<group>";
		};
		4588B8741AF67BA500EA420E /* Products */ = {
			isa = PBXGroup;
			children = (
				4588B8731AF67BA500EA420E /* Tipsee.app */,
				4588B8881AF67BA500EA420E /* TipseeTests.xctest */,
				4588B89E1AF6905800EA420E /* Tipsee WatchKit Extension.appex */,
				4588B8A81AF6905800EA420E /* Tipsee WatchKit App.app */,
			);
			name = Products;
			sourceTree = "<group>";
		};
		4588B8751AF67BA500EA420E /* Tipsee */ = {
			isa = PBXGroup;
			children = (
				4588B8781AF67BA500EA420E /* AppDelegate.swift */,
				4588B87A1AF67BA500EA420E /* ViewController.swift */,
				4588B87C1AF67BA500EA420E /* Main.storyboard */,
				4588B87F1AF67BA500EA420E /* Images.xcassets */,
				4588B8811AF67BA500EA420E /* LaunchScreen.xib */,
				4588B8761AF67BA500EA420E /* Supporting Files */,
			);
			path = Tipsee;
			sourceTree = "<group>";
		};
		4588B8761AF67BA500EA420E /* Supporting Files */ = {
			isa = PBXGroup;
			children = (
				4588B8981AF6850C00EA420E /* MarckScript-Regular.ttf */,
				4588B8771AF67BA500EA420E /* Info.plist */,
			);
			name = "Supporting Files";
			sourceTree = "<group>";
		};
		4588B88B1AF67BA500EA420E /* TipseeTests */ = {
			isa = PBXGroup;
			children = (
				4588B88E1AF67BA500EA420E /* TipseeTests.swift */,
				4588B88C1AF67BA500EA420E /* Supporting Files */,
			);
			path = TipseeTests;
			sourceTree = "<group>";
		};
		4588B88C1AF67BA500EA420E /* Supporting Files */ = {
			isa = PBXGroup;
			children = (
				4588B88D1AF67BA500EA420E /* Info.plist */,
			);
			name = "Supporting Files";
			sourceTree = "<group>";
		};
		4588B89F1AF6905800EA420E /* Tipsee WatchKit Extension */ = {
			isa = PBXGroup;
			children = (
				4588B8BE1AF690BF00EA420E /* AddSaleViewController.swift */,
				4588B8BF1AF690BF00EA420E /* FinalViewController.swift */,
				4588B8A21AF6905800EA420E /* InterfaceController.swift */,
				4588B8A41AF6905800EA420E /* Images.xcassets */,
				4588B8A01AF6905800EA420E /* Supporting Files */,
			);
			path = "Tipsee WatchKit Extension";
			sourceTree = "<group>";
		};
		4588B8A01AF6905800EA420E /* Supporting Files */ = {
			isa = PBXGroup;
			children = (
				4588B8A11AF6905800EA420E /* Info.plist */,
			);
			name = "Supporting Files";
			sourceTree = "<group>";
		};
		4588B8AC1AF6905800EA420E /* Tipsee WatchKit App */ = {
			isa = PBXGroup;
			children = (
				4588B8AF1AF6905800EA420E /* Interface.storyboard */,
				4588B8B21AF6905800EA420E /* Images.xcassets */,
				4588B8AD1AF6905800EA420E /* Supporting Files */,
			);
			path = "Tipsee WatchKit App";
			sourceTree = "<group>";
		};
		4588B8AD1AF6905800EA420E /* Supporting Files */ = {
			isa = PBXGroup;
			children = (
				4588B8AE1AF6905800EA420E /* Info.plist */,
			);
			name = "Supporting Files";
			sourceTree = "<group>";
		};
/* End PBXGroup section */

/* Begin PBXNativeTarget section */
		4588B8721AF67BA500EA420E /* Tipsee */ = {
			isa = PBXNativeTarget;
			buildConfigurationList = 4588B8921AF67BA500EA420E /* Build configuration list for PBXNativeTarget "Tipsee" */;
			buildPhases = (
				4588B86F1AF67BA500EA420E /* Sources */,
				4588B8701AF67BA500EA420E /* Frameworks */,
				4588B8711AF67BA500EA420E /* Resources */,
				4588B8BD1AF6905800EA420E /* Embed App Extensions */,
			);
			buildRules = (
			);
			dependencies = (
				4588B8B51AF6905800EA420E /* PBXTargetDependency */,
			);
			name = Tipsee;
			productName = Tipsee;
			productReference = 4588B8731AF67BA500EA420E /* Tipsee.app */;
			productType = "com.apple.product-type.application";
		};
		4588B8871AF67BA500EA420E /* TipseeTests */ = {
			isa = PBXNativeTarget;
			buildConfigurationList = 4588B8951AF67BA500EA420E /* Build configuration list for PBXNativeTarget "TipseeTests" */;
			buildPhases = (
				4588B8841AF67BA500EA420E /* Sources */,
				4588B8851AF67BA500EA420E /* Frameworks */,
				4588B8861AF67BA500EA420E /* Resources */,
			);
			buildRules = (
			);
			dependencies = (
				4588B88A1AF67BA500EA420E /* PBXTargetDependency */,
			);
			name = TipseeTests;
			productName = TipseeTests;
			productReference = 4588B8881AF67BA500EA420E /* TipseeTests.xctest */;
			productType = "com.apple.product-type.bundle.unit-test";
		};
		4588B89D1AF6905800EA420E /* Tipsee WatchKit Extension */ = {
			isa = PBXNativeTarget;
			buildConfigurationList = 4588B8BA1AF6905800EA420E /* Build configuration list for PBXNativeTarget "Tipsee WatchKit Extension" */;
			buildPhases = (
				4588B89A1AF6905800EA420E /* Sources */,
				4588B89B1AF6905800EA420E /* Frameworks */,
				4588B89C1AF6905800EA420E /* Resources */,
			);
			buildRules = (
			);
			dependencies = (
				4588B8AB1AF6905800EA420E /* PBXTargetDependency */,
			);
			name = "Tipsee WatchKit Extension";
			productName = "Tipsee WatchKit Extension";
			productReference = 4588B89E1AF6905800EA420E /* Tipsee WatchKit Extension.appex */;
			productType = "com.apple.product-type.watchkit-extension";
		};
		4588B8A71AF6905800EA420E /* Tipsee WatchKit App */ = {
			isa = PBXNativeTarget;
			buildConfigurationList = 4588B8B71AF6905800EA420E /* Build configuration list for PBXNativeTarget "Tipsee WatchKit App" */;
			buildPhases = (
				4588B8A61AF6905800EA420E /* Resources */,
			);
			buildRules = (
			);
			dependencies = (
			);
			name = "Tipsee WatchKit App";
			productName = "Tipsee WatchKit App";
			productReference = 4588B8A81AF6905800EA420E /* Tipsee WatchKit App.app */;
			productType = "com.apple.product-type.application.watchapp";
		};
/* End PBXNativeTarget section */

/* Begin PBXProject section */
		4588B86B1AF67BA500EA420E /* Project object */ = {
			isa = PBXProject;
			attributes = {
				LastUpgradeCheck = 0630;
				ORGANIZATIONNAME = Ruben.Codes;
				TargetAttributes = {
					4588B8721AF67BA500EA420E = {
						CreatedOnToolsVersion = 6.3.1;
					};
					4588B8871AF67BA500EA420E = {
						CreatedOnToolsVersion = 6.3.1;
						TestTargetID = 4588B8721AF67BA500EA420E;
					};
					4588B89D1AF6905800EA420E = {
						CreatedOnToolsVersion = 6.3.1;
					};
					4588B8A71AF6905800EA420E = {
						CreatedOnToolsVersion = 6.3.1;
					};
				};
			};
			buildConfigurationList = 4588B86E1AF67BA500EA420E /* Build configuration list for PBXProject "Tipsee" */;
			compatibilityVersion = "Xcode 3.2";
			developmentRegion = English;
			hasScannedForEncodings = 0;
			knownRegions = (
				en,
				Base,
			);
			mainGroup = 4588B86A1AF67BA500EA420E;
			productRefGroup = 4588B8741AF67BA500EA420E /* Products */;
			projectDirPath = "";
			projectRoot = "";
			targets = (
				4588B8721AF67BA500EA420E /* Tipsee */,
				4588B8871AF67BA500EA420E /* TipseeTests */,
				4588B89D1AF6905800EA420E /* Tipsee WatchKit Extension */,
				4588B8A71AF6905800EA420E /* Tipsee WatchKit App */,
			);
		};
/* End PBXProject section */

/* Begin PBXResourcesBuildPhase section */
		4588B8711AF67BA500EA420E /* Resources */ = {
			isa = PBXResourcesBuildPhase;
			buildActionMask = 2147483647;
			files = (
				4588B87E1AF67BA500EA420E /* Main.storyboard in Resources */,
				4588B8991AF6850C00EA420E /* MarckScript-Regular.ttf in Resources */,
				4588B8831AF67BA500EA420E /* LaunchScreen.xib in Resources */,
				4588B8801AF67BA500EA420E /* Images.xcassets in Resources */,
			);
			runOnlyForDeploymentPostprocessing = 0;
		};
		4588B8861AF67BA500EA420E /* Resources */ = {
			isa = PBXResourcesBuildPhase;
			buildActionMask = 2147483647;
			files = (
			);
			runOnlyForDeploymentPostprocessing = 0;
		};
		4588B89C1AF6905800EA420E /* Resources */ = {
			isa = PBXResourcesBuildPhase;
			buildActionMask = 2147483647;
			files = (
				4588B8A91AF6905800EA420E /* Tipsee WatchKit App.app in Resources */,
				4588B8A51AF6905800EA420E /* Images.xcassets in Resources */,
			);
			runOnlyForDeploymentPostprocessing = 0;
		};
		4588B8A61AF6905800EA420E /* Resources */ = {
			isa = PBXResourcesBuildPhase;
			buildActionMask = 2147483647;
			files = (
				4588B8B11AF6905800EA420E /* Interface.storyboard in Resources */,
				4588B8B31AF6905800EA420E /* Images.xcassets in Resources */,
			);
			runOnlyForDeploymentPostprocessing = 0;
		};
/* End PBXResourcesBuildPhase section */

/* Begin PBXSourcesBuildPhase section */
		4588B86F1AF67BA500EA420E /* Sources */ = {
			isa = PBXSourcesBuildPhase;
			buildActionMask = 2147483647;
			files = (
				4588B87B1AF67BA500EA420E /* ViewController.swift in Sources */,
				4588B8791AF67BA500EA420E /* AppDelegate.swift in Sources */,
			);
			runOnlyForDeploymentPostprocessing = 0;
		};
		4588B8841AF67BA500EA420E /* Sources */ = {
			isa = PBXSourcesBuildPhase;
			buildActionMask = 2147483647;
			files = (
				4588B88F1AF67BA500EA420E /* TipseeTests.swift in Sources */,
			);
			runOnlyForDeploymentPostprocessing = 0;
		};
		4588B89A1AF6905800EA420E /* Sources */ = {
			isa = PBXSourcesBuildPhase;
			buildActionMask = 2147483647;
			files = (
				4588B8A31AF6905800EA420E /* InterfaceController.swift in Sources */,
				4588B8C11AF690BF00EA420E /* FinalViewController.swift in Sources */,
				4588B8C01AF690BF00EA420E /* AddSaleViewController.swift in Sources */,
			);
			runOnlyForDeploymentPostprocessing = 0;
		};
/* End PBXSourcesBuildPhase section */

/* Begin PBXTargetDependency section */
		4588B88A1AF67BA500EA420E /* PBXTargetDependency */ = {
			isa = PBXTargetDependency;
			target = 4588B8721AF67BA500EA420E /* Tipsee */;
			targetProxy = 4588B8891AF67BA500EA420E /* PBXContainerItemProxy */;
		};
		4588B8AB1AF6905800EA420E /* PBXTargetDependency */ = {
			isa = PBXTargetDependency;
			target = 4588B8A71AF6905800EA420E /* Tipsee WatchKit App */;
			targetProxy = 4588B8AA1AF6905800EA420E /* PBXContainerItemProxy */;
		};
		4588B8B51AF6905800EA420E /* PBXTargetDependency */ = {
			isa = PBXTargetDependency;
			target = 4588B89D1AF6905800EA420E /* Tipsee WatchKit Extension */;
			targetProxy = 4588B8B41AF6905800EA420E /* PBXContainerItemProxy */;
		};
/* End PBXTargetDependency section */

/* Begin PBXVariantGroup section */
		4588B87C1AF67BA500EA420E /* Main.storyboard */ = {
			isa = PBXVariantGroup;
			children = (
				4588B87D1AF67BA500EA420E /* Base */,
			);
			name = Main.storyboard;
			sourceTree = "<group>";
		};
		4588B8811AF67BA500EA420E /* LaunchScreen.xib */ = {
			isa = PBXVariantGroup;
			children = (
				4588B8821AF67BA500EA420E /* Base */,
			);
			name = LaunchScreen.xib;
			sourceTree = "<group>";
		};
		4588B8AF1AF6905800EA420E /* Interface.storyboard */ = {
			isa = PBXVariantGroup;
			children = (
				4588B8B01AF6905800EA420E /* Base */,
			);
			name = Interface.storyboard;
			sourceTree = "<group>";
		};
/* End PBXVariantGroup section */

/* Begin XCBuildConfiguration section */
		4588B8901AF67BA500EA420E /* Debug */ = {
			isa = XCBuildConfiguration;
			buildSettings = {
				ALWAYS_SEARCH_USER_PATHS = NO;
				CLANG_CXX_LANGUAGE_STANDARD = "gnu++0x";
				CLANG_CXX_LIBRARY = "libc++";
				CLANG_ENABLE_MODULES = YES;
				CLANG_ENABLE_OBJC_ARC = YES;
				CLANG_WARN_BOOL_CONVERSION = YES;
				CLANG_WARN_CONSTANT_CONVERSION = YES;
				CLANG_WARN_DIRECT_OBJC_ISA_USAGE = YES_ERROR;
				CLANG_WARN_EMPTY_BODY = YES;
				CLANG_WARN_ENUM_CONVERSION = YES;
				CLANG_WARN_INT_CONVERSION = YES;
				CLANG_WARN_OBJC_ROOT_CLASS = YES_ERROR;
				CLANG_WARN_UNREACHABLE_CODE = YES;
				CLANG_WARN__DUPLICATE_METHOD_MATCH = YES;
				"CODE_SIGN_IDENTITY[sdk=iphoneos*]" = "iPhone Developer";
				COPY_PHASE_STRIP = NO;
				DEBUG_INFORMATION_FORMAT = "dwarf-with-dsym";
				ENABLE_STRICT_OBJC_MSGSEND = YES;
				GCC_C_LANGUAGE_STANDARD = gnu99;
				GCC_DYNAMIC_NO_PIC = NO;
				GCC_NO_COMMON_BLOCKS = YES;
				GCC_OPTIMIZATION_LEVEL = 0;
				GCC_PREPROCESSOR_DEFINITIONS = (
					"DEBUG=1",
					"$(inherited)",
				);
				GCC_SYMBOLS_PRIVATE_EXTERN = NO;
				GCC_WARN_64_TO_32_BIT_CONVERSION = YES;
				GCC_WARN_ABOUT_RETURN_TYPE = YES_ERROR;
				GCC_WARN_UNDECLARED_SELECTOR = YES;
				GCC_WARN_UNINITIALIZED_AUTOS = YES_AGGRESSIVE;
				GCC_WARN_UNUSED_FUNCTION = YES;
				GCC_WARN_UNUSED_VARIABLE = YES;
				IPHONEOS_DEPLOYMENT_TARGET = 8.3;
				MTL_ENABLE_DEBUG_INFO = YES;
				ONLY_ACTIVE_ARCH = YES;
				SDKROOT = iphoneos;
				SWIFT_OPTIMIZATION_LEVEL = "-Onone";
			};
			name = Debug;
		};
		4588B8911AF67BA500EA420E /* Release */ = {
			isa = XCBuildConfiguration;
			buildSettings = {
				ALWAYS_SEARCH_USER_PATHS = NO;
				CLANG_CXX_LANGUAGE_STANDARD = "gnu++0x";
				CLANG_CXX_LIBRARY = "libc++";
				CLANG_ENABLE_MODULES = YES;
				CLANG_ENABLE_OBJC_ARC = YES;
				CLANG_WARN_BOOL_CONVERSION = YES;
				CLANG_WARN_CONSTANT_CONVERSION = YES;
				CLANG_WARN_DIRECT_OBJC_ISA_USAGE = YES_ERROR;
				CLANG_WARN_EMPTY_BODY = YES;
				CLANG_WARN_ENUM_CONVERSION = YES;
				CLANG_WARN_INT_CONVERSION = YES;
				CLANG_WARN_OBJC_ROOT_CLASS = YES_ERROR;
				CLANG_WARN_UNREACHABLE_CODE = YES;
				CLANG_WARN__DUPLICATE_METHOD_MATCH = YES;
				"CODE_SIGN_IDENTITY[sdk=iphoneos*]" = "iPhone Developer";
				COPY_PHASE_STRIP = NO;
				DEBUG_INFORMATION_FORMAT = "dwarf-with-dsym";
				ENABLE_NS_ASSERTIONS = NO;
				ENABLE_STRICT_OBJC_MSGSEND = YES;
				GCC_C_LANGUAGE_STANDARD = gnu99;
				GCC_NO_COMMON_BLOCKS = YES;
				GCC_WARN_64_TO_32_BIT_CONVERSION = YES;
				GCC_WARN_ABOUT_RETURN_TYPE = YES_ERROR;
				GCC_WARN_UNDECLARED_SELECTOR = YES;
				GCC_WARN_UNINITIALIZED_AUTOS = YES_AGGRESSIVE;
				GCC_WARN_UNUSED_FUNCTION = YES;
				GCC_WARN_UNUSED_VARIABLE = YES;
				IPHONEOS_DEPLOYMENT_TARGET = 8.3;
				MTL_ENABLE_DEBUG_INFO = NO;
				SDKROOT = iphoneos;
				VALIDATE_PRODUCT = YES;
			};
			name = Release;
		};
		4588B8931AF67BA500EA420E /* Debug */ = {
			isa = XCBuildConfiguration;
			buildSettings = {
				ASSETCATALOG_COMPILER_APPICON_NAME = AppIcon;
				INFOPLIST_FILE = Tipsee/Info.plist;
				LD_RUNPATH_SEARCH_PATHS = "$(inherited) @executable_path/Frameworks";
				PRODUCT_NAME = "$(TARGET_NAME)";
			};
			name = Debug;
		};
		4588B8941AF67BA500EA420E /* Release */ = {
			isa = XCBuildConfiguration;
			buildSettings = {
				ASSETCATALOG_COMPILER_APPICON_NAME = AppIcon;
				INFOPLIST_FILE = Tipsee/Info.plist;
				LD_RUNPATH_SEARCH_PATHS = "$(inherited) @executable_path/Frameworks";
				PRODUCT_NAME = "$(TARGET_NAME)";
			};
			name = Release;
		};
		4588B8961AF67BA500EA420E /* Debug */ = {
			isa = XCBuildConfiguration;
			buildSettings = {
				BUNDLE_LOADER = "$(TEST_HOST)";
				FRAMEWORK_SEARCH_PATHS = (
					"$(SDKROOT)/Developer/Library/Frameworks",
					"$(inherited)",
				);
				GCC_PREPROCESSOR_DEFINITIONS = (
					"DEBUG=1",
					"$(inherited)",
				);
				INFOPLIST_FILE = TipseeTests/Info.plist;
				LD_RUNPATH_SEARCH_PATHS = "$(inherited) @executable_path/Frameworks @loader_path/Frameworks";
				PRODUCT_NAME = "$(TARGET_NAME)";
				TEST_HOST = "$(BUILT_PRODUCTS_DIR)/Tipsee.app/Tipsee";
			};
			name = Debug;
		};
		4588B8971AF67BA500EA420E /* Release */ = {
			isa = XCBuildConfiguration;
			buildSettings = {
				BUNDLE_LOADER = "$(TEST_HOST)";
				FRAMEWORK_SEARCH_PATHS = (
					"$(SDKROOT)/Developer/Library/Frameworks",
					"$(inherited)",
				);
				INFOPLIST_FILE = TipseeTests/Info.plist;
				LD_RUNPATH_SEARCH_PATHS = "$(inherited) @executable_path/Frameworks @loader_path/Frameworks";
				PRODUCT_NAME = "$(TARGET_NAME)";
				TEST_HOST = "$(BUILT_PRODUCTS_DIR)/Tipsee.app/Tipsee";
			};
			name = Release;
		};
		4588B8B81AF6905800EA420E /* Debug */ = {
			isa = XCBuildConfiguration;
			buildSettings = {
				ASSETCATALOG_COMPILER_APPICON_NAME = AppIcon;
				GCC_PREPROCESSOR_DEFINITIONS = (
					"DEBUG=1",
					"$(inherited)",
				);
				IBSC_MODULE = Tipsee_WatchKit_Extension;
				INFOPLIST_FILE = "Tipsee WatchKit App/Info.plist";
				IPHONEOS_DEPLOYMENT_TARGET = 8.2;
				PRODUCT_NAME = "$(TARGET_NAME)";
				SKIP_INSTALL = YES;
				TARGETED_DEVICE_FAMILY = 4;
				"TARGETED_DEVICE_FAMILY[sdk=iphonesimulator*]" = "1,4";
			};
			name = Debug;
		};
		4588B8B91AF6905800EA420E /* Release */ = {
			isa = XCBuildConfiguration;
			buildSettings = {
				ASSETCATALOG_COMPILER_APPICON_NAME = AppIcon;
				IBSC_MODULE = Tipsee_WatchKit_Extension;
				INFOPLIST_FILE = "Tipsee WatchKit App/Info.plist";
				IPHONEOS_DEPLOYMENT_TARGET = 8.2;
				PRODUCT_NAME = "$(TARGET_NAME)";
				SKIP_INSTALL = YES;
				TARGETED_DEVICE_FAMILY = 4;
				"TARGETED_DEVICE_FAMILY[sdk=iphonesimulator*]" = "1,4";
			};
			name = Release;
		};
		4588B8BB1AF6905800EA420E /* Debug */ = {
			isa = XCBuildConfiguration;
			buildSettings = {
				GCC_PREPROCESSOR_DEFINITIONS = (
					"DEBUG=1",
					"$(inherited)",
				);
				INFOPLIST_FILE = "Tipsee WatchKit Extension/Info.plist";
				LD_RUNPATH_SEARCH_PATHS = "$(inherited) @executable_path/Frameworks @executable_path/../../Frameworks";
				PRODUCT_NAME = "${TARGET_NAME}";
				SKIP_INSTALL = YES;
			};
			name = Debug;
		};
		4588B8BC1AF6905800EA420E /* Release */ = {
			isa = XCBuildConfiguration;
			buildSettings = {
				INFOPLIST_FILE = "Tipsee WatchKit Extension/Info.plist";
				LD_RUNPATH_SEARCH_PATHS = "$(inherited) @executable_path/Frameworks @executable_path/../../Frameworks";
				PRODUCT_NAME = "${TARGET_NAME}";
				SKIP_INSTALL = YES;
			};
			name = Release;
		};
/* End XCBuildConfiguration section */

/* Begin XCConfigurationList section */
		4588B86E1AF67BA500EA420E /* Build configuration list for PBXProject "Tipsee" */ = {
			isa = XCConfigurationList;
			buildConfigurations = (
				4588B8901AF67BA500EA420E /* Debug */,
				4588B8911AF67BA500EA420E /* Release */,
			);
			defaultConfigurationIsVisible = 0;
			defaultConfigurationName = Release;
		};
		4588B8921AF67BA500EA420E /* Build configuration list for PBXNativeTarget "Tipsee" */ = {
			isa = XCConfigurationList;
			buildConfigurations = (
				4588B8931AF67BA500EA420E /* Debug */,
				4588B8941AF67BA500EA420E /* Release */,
			);
			defaultConfigurationIsVisible = 0;
		};
		4588B8951AF67BA500EA420E /* Build configuration list for PBXNativeTarget "TipseeTests" */ = {
			isa = XCConfigurationList;
			buildConfigurations = (
				4588B8961AF67BA500EA420E /* Debug */,
				4588B8971AF67BA500EA420E /* Release */,
			);
			defaultConfigurationIsVisible = 0;
		};
		4588B8B71AF6905800EA420E /* Build configuration list for PBXNativeTarget "Tipsee WatchKit App" */ = {
			isa = XCConfigurationList;
			buildConfigurations = (
				4588B8B81AF6905800EA420E /* Debug */,
				4588B8B91AF6905800EA420E /* Release */,
			);
			defaultConfigurationIsVisible = 0;
		};
		4588B8BA1AF6905800EA420E /* Build configuration list for PBXNativeTarget "Tipsee WatchKit Extension" */ = {
			isa = XCConfigurationList;
			buildConfigurations = (
				4588B8BB1AF6905800EA420E /* Debug */,
				4588B8BC1AF6905800EA420E /* Release */,
			);
			defaultConfigurationIsVisible = 0;
		};
/* End XCConfigurationList section */
	};
	rootObject = 4588B86B1AF67BA500EA420E /* Project object */;
}
